PODS:
  - ActionKit (2.3.2)
  - Alamofire (4.7.2)
  - AlamofireSwiftyJSON (1.0.1):
    - Alamofire (~> 4.0)
    - SwiftyJSON (~> 4.0)
  - AssistantKit (0.4.1)
  - AutoInsetter (1.2.3)
  - Charts (3.1.1):
    - Charts/Core (= 3.1.1)
  - Charts/Core (3.1.1)
  - Crashlytics (3.10.2):
    - Fabric (~> 1.7.7)
  - DeployGateSDK (1.0.7)
  - Fabric (1.7.7)
  - Firebase (5.2.0):
    - Firebase/Core (= 5.2.0)
  - Firebase/Auth (5.2.0):
    - Firebase/CoreOnly
    - FirebaseAuth (= 5.0.1)
  - Firebase/Core (5.2.0):
    - Firebase/CoreOnly
    - FirebaseAnalytics (= 5.0.1)
  - Firebase/CoreOnly (5.2.0):
    - FirebaseCore (= 5.0.3)
  - Firebase/RemoteConfig (5.2.0):
    - Firebase/Core
    - FirebaseRemoteConfig (= 3.0.0)
  - FirebaseABTesting (2.0.0):
    - FirebaseCore (~> 5.0)
    - Protobuf (~> 3.5)
  - FirebaseAnalytics (5.0.1):
    - FirebaseCore (~> 5.0)
    - FirebaseInstanceID (~> 3.0)
    - "GoogleToolboxForMac/NSData+zlib (~> 2.1)"
    - nanopb (~> 0.3)
  - FirebaseAuth (5.0.1):
    - FirebaseCore (~> 5.0)
    - GTMSessionFetcher/Core (~> 1.1)
  - FirebaseCore (5.0.3):
    - "GoogleToolboxForMac/NSData+zlib (~> 2.1)"
  - FirebaseInstanceID (3.1.0):
    - FirebaseCore (~> 5.0)
  - FirebaseRemoteConfig (3.0.0):
    - FirebaseABTesting (~> 2.0)
    - FirebaseAnalytics (~> 5.0)
    - FirebaseCore (~> 5.0)
    - FirebaseInstanceID (~> 3.0)
    - "GoogleToolboxForMac/NSData+zlib (~> 2.1)"
    - Protobuf (~> 3.5)
  - GoogleAnalytics (3.17.0)
  - GoogleSignIn (4.1.2):
    - "GoogleToolboxForMac/NSDictionary+URLArguments (~> 2.1)"
    - "GoogleToolboxForMac/NSString+URLArguments (~> 2.1)"
    - GTMOAuth2 (~> 1.0)
    - GTMSessionFetcher/Core (~> 1.1)
  - GoogleToolboxForMac/DebugUtils (2.1.4):
    - GoogleToolboxForMac/Defines (= 2.1.4)
  - GoogleToolboxForMac/Defines (2.1.4)
  - "GoogleToolboxForMac/NSData+zlib (2.1.4)":
    - GoogleToolboxForMac/Defines (= 2.1.4)
  - "GoogleToolboxForMac/NSDictionary+URLArguments (2.1.4)":
    - GoogleToolboxForMac/DebugUtils (= 2.1.4)
    - GoogleToolboxForMac/Defines (= 2.1.4)
    - "GoogleToolboxForMac/NSString+URLArguments (= 2.1.4)"
  - "GoogleToolboxForMac/NSString+URLArguments (2.1.4)"
  - GTMOAuth2 (1.1.6):
    - GTMSessionFetcher (~> 1.1)
  - GTMSessionFetcher (1.1.15):
    - GTMSessionFetcher/Full (= 1.1.15)
  - GTMSessionFetcher/Core (1.1.15)
  - GTMSessionFetcher/Full (1.1.15):
    - GTMSessionFetcher/Core (= 1.1.15)
  - HydraAsync (1.2.1)
  - Instantiate (2.2.0)
  - InstantiateStandard (2.2.0):
    - Instantiate (~> 2.2)
  - KeychainAccess (3.1.1)
  - Kingfisher (4.8.0)
  - lottie-ios (2.5.0)
  - nanopb (0.3.8):
    - nanopb/decode (= 0.3.8)
    - nanopb/encode (= 0.3.8)
  - nanopb/decode (0.3.8)
  - nanopb/encode (0.3.8)
  - ObjcExceptionBridging (1.0.1):
    - ObjcExceptionBridging/ObjcExceptionBridging (= 1.0.1)
  - ObjcExceptionBridging/ObjcExceptionBridging (1.0.1)
  - ObjectMapper (3.2.0)
  - Pageboy (2.4.0)
  - Protobuf (3.6.0)
  - R.swift (4.0.0):
    - R.swift.Library (~> 4.0.0)
  - R.swift.Library (4.0.0)
  - ReachabilitySwift (4.1.0)
  - SideMenuController (0.2.4)
  - Siren (3.4.1)
  - SnapKit (4.0.0)
  - SVProgressHUD (2.2.5)
  - SwiftDate (4.5.1)
  - SwiftyJSON (4.1.0)
  - SwiftyUserDefaults (3.0.1)
  - Tabman (1.6.0):
    - AutoInsetter (~> 1.2.0)
    - Pageboy (~> 2.4.0)
  - Toast-Swift (2.0.0)
  - UIColor_Hex_Swift (4.0.1)
  - XCGLogger (6.0.4):
    - XCGLogger/Core (= 6.0.4)
  - XCGLogger/Core (6.0.4):
    - ObjcExceptionBridging

DEPENDENCIES:
  - ActionKit
  - AlamofireSwiftyJSON
  - AssistantKit
  - "AutoInsetter (from `ssh://git@github.kddi.com/auhome-developer/AutoInsetter.git`)"
  - Charts
  - Crashlytics
  - DeployGateSDK
  - Fabric
  - Firebase
  - Firebase/Auth
  - Firebase/Core
  - Firebase/RemoteConfig
  - GoogleAnalytics
  - GoogleSignIn
  - "HydraAsync (from `ssh://git@github.kddi.com/auhome-developer/Hydra.git`)"
  - InstantiateStandard
  - KeychainAccess
  - Kingfisher (~> 4.0)
  - lottie-ios
  - ObjectMapper
  - R.swift
  - ReachabilitySwift
  - "SideMenuController (from `ssh://git@github.kddi.com/auhome-developer/SideMenuController.git`)"
  - Siren
  - SnapKit
  - SVProgressHUD
  - SwiftDate
  - SwiftyUserDefaults
  - "Tabman (from `ssh://git@github.kddi.com/auhome-developer/Tabman.git`)"
  - Toast-Swift (from `https://github.com/scalessec/Toast-Swift`, branch `feature/Swift-4`)
  - UIColor_Hex_Swift
  - XCGLogger

SPEC REPOS:
  https://github.com/cocoapods/specs.git:
    - ActionKit
    - Alamofire
    - AlamofireSwiftyJSON
    - AssistantKit
    - Charts
    - Crashlytics
    - DeployGateSDK
    - Fabric
    - Firebase
    - FirebaseABTesting
    - FirebaseAnalytics
    - FirebaseAuth
    - FirebaseCore
    - FirebaseInstanceID
    - FirebaseRemoteConfig
    - GoogleAnalytics
    - GoogleSignIn
    - GoogleToolboxForMac
    - GTMOAuth2
    - GTMSessionFetcher
    - Instantiate
    - InstantiateStandard
    - KeychainAccess
    - Kingfisher
    - lottie-ios
    - nanopb
    - ObjcExceptionBridging
    - ObjectMapper
    - Pageboy
    - Protobuf
    - R.swift
    - R.swift.Library
    - ReachabilitySwift
    - Siren
    - SnapKit
    - SVProgressHUD
    - SwiftDate
    - SwiftyJSON
    - SwiftyUserDefaults
    - UIColor_Hex_Swift
    - XCGLogger

EXTERNAL SOURCES:
  AutoInsetter:
    :git: "ssh://git@github.kddi.com/auhome-developer/AutoInsetter.git"
  HydraAsync:
    :git: "ssh://git@github.kddi.com/auhome-developer/Hydra.git"
  SideMenuController:
    :git: "ssh://git@github.kddi.com/auhome-developer/SideMenuController.git"
  Tabman:
    :git: "ssh://git@github.kddi.com/auhome-developer/Tabman.git"
  Toast-Swift:
    :branch: feature/Swift-4
    :git: https://github.com/scalessec/Toast-Swift

CHECKOUT OPTIONS:
  AutoInsetter:
    :commit: 416b9bd16f962d5007507fd003fa763acd3e7c7d
    :git: "ssh://git@github.kddi.com/auhome-developer/AutoInsetter.git"
  HydraAsync:
    :commit: c047f9d226f13fc7102c6c209963cb1f57b28841
    :git: "ssh://git@github.kddi.com/auhome-developer/Hydra.git"
  SideMenuController:
    :commit: 1e88696b9ab44338d81ddbb3cbbcab53fcb5f8f3
    :git: "ssh://git@github.kddi.com/auhome-developer/SideMenuController.git"
  Tabman:
    :commit: b335a64ca84beafe576b3f0d40d3eaa991d9321e
    :git: "ssh://git@github.kddi.com/auhome-developer/Tabman.git"
  Toast-Swift:
    :commit: e49071031503a7c5210bfac2651d9e08ba8cf435
    :git: https://github.com/scalessec/Toast-Swift

SPEC CHECKSUMS:
  ActionKit: cf7ca5781f4a43342384d872105fadd58985f416
  Alamofire: e4fa87002c137ba2d8d634d2c51fabcda0d5c223
  AlamofireSwiftyJSON: ad896b68b586aea5de8ddba641ad3b402b8d5511
  AssistantKit: 9ee71039dffa9dc050de945258e50e3e6bb20d5c
  AutoInsetter: 1a8f8ad5e7da8e993970b3809cfb8e8e330f4db1
  Charts: 90a4d61da0f6e06684c591e3bcab11940fe61736
  Crashlytics: 0360624eea1c978a743feddb2fb1ef8b37fb7a0d
  DeployGateSDK: df3d5838db7e35c05a711c35a3bdeef3c2b016ba
  Fabric: bda89e242bce1b7b8ab264248cf3407774ce0095
  Firebase: 25ed0412036d7d008568d1fb4d2e9d81ea8a0a2c
  FirebaseABTesting: 1f50b8d50f5e3469eea54e7463a7b7fe221d1f5e
  FirebaseAnalytics: b3628aea54c50464c32c393fb2ea032566e7ecc2
  FirebaseAuth: 463b8ce33bd5d05f706dcd4615499e3212b4132b
  FirebaseCore: a3c87242451633fff8490183898075ce77d168d2
  FirebaseInstanceID: 05d779cbb97bd5bd5c51a38a903fc9cfe1b2454a
  FirebaseRemoteConfig: 3c57e4644bd6976b671ae0b725cd709f198bd1f5
  GoogleAnalytics: f42cc53a87a51fe94334821868d9c8481ff47a7b
  GoogleSignIn: d9ef55b10f0aa401a5de2747f59b725e4b9732ac
  GoogleToolboxForMac: 91c824d21e85b31c2aae9bb011c5027c9b4e738f
  GTMOAuth2: c77fe325e4acd453837e72d91e3b5f13116857b2
  GTMSessionFetcher: 5fa5b80fd20e439ef5f545fb2cb3ca6c6714caa2
  HydraAsync: cb9ba8fc2d8e55af058f45b4f5ed8c387292cc06
  Instantiate: 9810ecb69b7d0c393e1938559a6f896587785b64
  InstantiateStandard: 0bf32c19d3624822975e554f3706ca1e83c90ee5
  KeychainAccess: 7bd430028059754a3debab3cfc0bd1fc7fb85df3
  Kingfisher: 976d828df2b24834c6a3f2fc4d82cdbd26552be1
  lottie-ios: d699fdee68d7b63e721d949388b015fef1aaa4ac
  nanopb: 5601e6bca2dbf1ed831b519092ec110f66982ca3
  ObjcExceptionBridging: c30e00eb3700467e695faeea30e26e18bd445001
  ObjectMapper: 5cccd2de6f253eda859df8116a5a554d9769e859
  Pageboy: b04cee5c1315a865fb49321129d12635e8465144
  Protobuf: 0fc0ad8bec688b2a3017a139953e01374fedbd5f
  R.swift: d6a5ec2f55a8441dc0ed9f1f8b37d7d11ae85c66
  R.swift.Library: c3af34921024333546e23b70e70d0b4e0cffca75
  ReachabilitySwift: 6849231cd4e06559f3b9ef4a97a0a0f96d41e09f
  SideMenuController: 4c47fe044a8a0f13edf2ecb73fc90b2d82dcf392
  Siren: 94e13d40b48d8c0ddac053140d607c36bb487767
  SnapKit: a42d492c16e80209130a3379f73596c3454b7694
  SVProgressHUD: 1428aafac632c1f86f62aa4243ec12008d7a51d6
  SwiftDate: 7b56d42a221f582047287deb256b23fc5ed49a60
  SwiftyJSON: c29297daf073d2aa016295d5809cdd68045c39b3
  SwiftyUserDefaults: 3d273b1739b68ada3145dc754a70ec775bc5c8be
  Tabman: a9be97d1c75b4b7f40eec416021f614c4ccbb670
  Toast-Swift: 5b2f8f720f7e78e48511f693df1f9c9a6e38a25a
  UIColor_Hex_Swift: c5ff88470499383b8fd85302d59344bb24ba9436
  XCGLogger: 4fc1bc0bdd5828cb8dc8da7a843536cda1bea8f3

PODFILE CHECKSUM: 7f3428ffdc3b1c1bcea35c02f07ccb319b5f8fd5

COCOAPODS: 1.5.3
