// !$*UTF8*$!
{
	archiveVersion = 1;
	classes = {
	};
	objectVersion = 50;
	objects = {

/* Begin PBXBuildFile section */
		B5F4F54520F5E65F00635819 /* AppDelegate.swift in Sources */ = {isa = PBXBuildFile; fileRef = B5F4F54420F5E65F00635819 /* AppDelegate.swift */; };
		B5F4F54720F5E65F00635819 /* ViewController.swift in Sources */ = {isa = PBXBuildFile; fileRef = B5F4F54620F5E65F00635819 /* ViewController.swift */; };
		B5F4F54A20F5E65F00635819 /* Main.storyboard in Resources */ = {isa = PBXBuildFile; fileRef = B5F4F54820F5E65F00635819 /* Main.storyboard */; };
		B5F4F54C20F5E66000635819 /* Assets.xcassets in Resources */ = {isa = PBXBuildFile; fileRef = B5F4F54B20F5E66000635819 /* Assets.xcassets */; };
		B5F4F54F20F5E66000635819 /* LaunchScreen.storyboard in Resources */ = {isa = PBXBuildFile; fileRef = B5F4F54D20F5E66000635819 /* LaunchScreen.storyboard */; };
		B5F4F55A20F5E66000635819 /* flathandTests.swift in Sources */ = {isa = PBXBuildFile; fileRef = B5F4F55920F5E66000635819 /* flathandTests.swift */; };
/* End PBXBuildFile section */

/* Begin PBXContainerItemProxy section */
		B5F4F55620F5E66000635819 /* PBXContainerItemProxy */ = {
			isa = PBXContainerItemProxy;
			containerPortal = B5F4F53920F5E65F00635819 /* Project object */;
			proxyType = 1;
			remoteGlobalIDString = B5F4F54020F5E65F00635819;
			remoteInfo = flathand;
		};
/* End PBXContainerItemProxy section */

/* Begin PBXFileReference section */
		B5F4F54120F5E65F00635819 /* flathand.app */ = {isa = PBXFileReference; explicitFileType = wrapper.application; includeInIndex = 0; path = flathand.app; sourceTree = BUILT_PRODUCTS_DIR; };
		B5F4F54420F5E65F00635819 /* AppDelegate.swift */ = {isa = PBXFileReference; lastKnownFileType = sourcecode.swift; path = AppDelegate.swift; sourceTree = "<group>"; };
		B5F4F54620F5E65F00635819 /* ViewController.swift */ = {isa = PBXFileReference; lastKnownFileType = sourcecode.swift; path = ViewController.swift; sourceTree = "<group>"; };
		B5F4F54920F5E65F00635819 /* Base */ = {isa = PBXFileReference; lastKnownFileType = file.storyboard; name = Base; path = Base.lproj/Main.storyboard; sourceTree = "<group>"; };
		B5F4F54B20F5E66000635819 /* Assets.xcassets */ = {isa = PBXFileReference; lastKnownFileType = folder.assetcatalog; path = Assets.xcassets; sourceTree = "<group>"; };
		B5F4F54E20F5E66000635819 /* Base */ = {isa = PBXFileReference; lastKnownFileType = file.storyboard; name = Base; path = Base.lproj/LaunchScreen.storyboard; sourceTree = "<group>"; };
		B5F4F55020F5E66000635819 /* Info.plist */ = {isa = PBXFileReference; lastKnownFileType = text.plist.xml; path = Info.plist; sourceTree = "<group>"; };
		B5F4F55520F5E66000635819 /* flathandTests.xctest */ = {isa = PBXFileReference; explicitFileType = wrapper.cfbundle; includeInIndex = 0; path = flathandTests.xctest; sourceTree = BUILT_PRODUCTS_DIR; };
		B5F4F55920F5E66000635819 /* flathandTests.swift */ = {isa = PBXFileReference; lastKnownFileType = sourcecode.swift; path = flathandTests.swift; sourceTree = "<group>"; };
		B5F4F55B20F5E66000635819 /* Info.plist */ = {isa = PBXFileReference; lastKnownFileType = text.plist.xml; path = Info.plist; sourceTree = "<group>"; };
/* End PBXFileReference section */

/* Begin PBXFrameworksBuildPhase section */
		B5F4F53E20F5E65F00635819 /* Frameworks */ = {
			isa = PBXFrameworksBuildPhase;
			buildActionMask = 2147483647;
			files = (
			);
			runOnlyForDeploymentPostprocessing = 0;
		};
		B5F4F55220F5E66000635819 /* Frameworks */ = {
			isa = PBXFrameworksBuildPhase;
			buildActionMask = 2147483647;
			files = (
			);
			runOnlyForDeploymentPostprocessing = 0;
		};
/* End PBXFrameworksBuildPhase section */

/* Begin PBXGroup section */
		B5F4F53820F5E65F00635819 = {
			isa = PBXGroup;
			children = (
				B5F4F54320F5E65F00635819 /* flathand */,
				B5F4F55820F5E66000635819 /* flathandTests */,
				B5F4F54220F5E65F00635819 /* Products */,
			);
			sourceTree = "<group>";
		};
		B5F4F54220F5E65F00635819 /* Products */ = {
			isa = PBXGroup;
			children = (
				B5F4F54120F5E65F00635819 /* flathand.app */,
				B5F4F55520F5E66000635819 /* flathandTests.xctest */,
			);
			name = Products;
			sourceTree = "<group>";
		};
		B5F4F54320F5E65F00635819 /* flathand */ = {
			isa = PBXGroup;
			children = (
				B5F4F54420F5E65F00635819 /* AppDelegate.swift */,
				B5F4F54620F5E65F00635819 /* ViewController.swift */,
				B5F4F54820F5E65F00635819 /* Main.storyboard */,
				B5F4F54B20F5E66000635819 /* Assets.xcassets */,
				B5F4F54D20F5E66000635819 /* LaunchScreen.storyboard */,
				B5F4F55020F5E66000635819 /* Info.plist */,
			);
			path = flathand;
			sourceTree = "<group>";
		};
		B5F4F55820F5E66000635819 /* flathandTests */ = {
			isa = PBXGroup;
			children = (
				B5F4F55920F5E66000635819 /* flathandTests.swift */,
				B5F4F55B20F5E66000635819 /* Info.plist */,
			);
			path = flathandTests;
			sourceTree = "<group>";
		};
/* End PBXGroup section */

/* Begin PBXNativeTarget section */
		B5F4F54020F5E65F00635819 /* flathand */ = {
			isa = PBXNativeTarget;
			buildConfigurationList = B5F4F55E20F5E66000635819 /* Build configuration list for PBXNativeTarget "flathand" */;
			buildPhases = (
				B5F4F53D20F5E65F00635819 /* Sources */,
				B5F4F53E20F5E65F00635819 /* Frameworks */,
				B5F4F53F20F5E65F00635819 /* Resources */,
			);
			buildRules = (
			);
			dependencies = (
			);
			name = flathand;
			productName = flathand;
			productReference = B5F4F54120F5E65F00635819 /* flathand.app */;
			productType = "com.apple.product-type.application";
		};
		B5F4F55420F5E66000635819 /* flathandTests */ = {
			isa = PBXNativeTarget;
			buildConfigurationList = B5F4F56120F5E66000635819 /* Build configuration list for PBXNativeTarget "flathandTests" */;
			buildPhases = (
				B5F4F55120F5E66000635819 /* Sources */,
				B5F4F55220F5E66000635819 /* Frameworks */,
				B5F4F55320F5E66000635819 /* Resources */,
			);
			buildRules = (
			);
			dependencies = (
				B5F4F55720F5E66000635819 /* PBXTargetDependency */,
			);
			name = flathandTests;
			productName = flathandTests;
			productReference = B5F4F55520F5E66000635819 /* flathandTests.xctest */;
			productType = "com.apple.product-type.bundle.unit-test";
		};
/* End PBXNativeTarget section */

/* Begin PBXProject section */
		B5F4F53920F5E65F00635819 /* Project object */ = {
			isa = PBXProject;
			attributes = {
				LastSwiftUpdateCheck = 0930;
				LastUpgradeCheck = 0930;
				ORGANIZATIONNAME = "yamori-developer";
				TargetAttributes = {
					B5F4F54020F5E65F00635819 = {
						CreatedOnToolsVersion = 9.3.1;
					};
					B5F4F55420F5E66000635819 = {
						CreatedOnToolsVersion = 9.3.1;
						TestTargetID = B5F4F54020F5E65F00635819;
					};
				};
			};
			buildConfigurationList = B5F4F53C20F5E65F00635819 /* Build configuration list for PBXProject "flathand" */;
			compatibilityVersion = "Xcode 9.3";
			developmentRegion = en;
			hasScannedForEncodings = 0;
			knownRegions = (
				en,
				Base,
			);
			mainGroup = B5F4F53820F5E65F00635819;
			productRefGroup = B5F4F54220F5E65F00635819 /* Products */;
			projectDirPath = "";
			projectRoot = "";
			targets = (
				B5F4F54020F5E65F00635819 /* flathand */,
				B5F4F55420F5E66000635819 /* flathandTests */,
			);
		};
/* End PBXProject section */

/* Begin PBXResourcesBuildPhase section */
		B5F4F53F20F5E65F00635819 /* Resources */ = {
			isa = PBXResourcesBuildPhase;
			buildActionMask = 2147483647;
			files = (
				B5F4F54F20F5E66000635819 /* LaunchScreen.storyboard in Resources */,
				B5F4F54C20F5E66000635819 /* Assets.xcassets in Resources */,
				B5F4F54A20F5E65F00635819 /* Main.storyboard in Resources */,
			);
			runOnlyForDeploymentPostprocessing = 0;
		};
		B5F4F55320F5E66000635819 /* Resources */ = {
			isa = PBXResourcesBuildPhase;
			buildActionMask = 2147483647;
			files = (
			);
			runOnlyForDeploymentPostprocessing = 0;
		};
/* End PBXResourcesBuildPhase section */

/* Begin PBXSourcesBuildPhase section */
		B5F4F53D20F5E65F00635819 /* Sources */ = {
			isa = PBXSourcesBuildPhase;
			buildActionMask = 2147483647;
			files = (
				B5F4F54720F5E65F00635819 /* ViewController.swift in Sources */,
				B5F4F54520F5E65F00635819 /* AppDelegate.swift in Sources */,
			);
			runOnlyForDeploymentPostprocessing = 0;
		};
		B5F4F55120F5E66000635819 /* Sources */ = {
			isa = PBXSourcesBuildPhase;
			buildActionMask = 2147483647;
			files = (
				B5F4F55A20F5E66000635819 /* flathandTests.swift in Sources */,
			);
			runOnlyForDeploymentPostprocessing = 0;
		};
/* End PBXSourcesBuildPhase section */

/* Begin PBXTargetDependency section */
		B5F4F55720F5E66000635819 /* PBXTargetDependency */ = {
			isa = PBXTargetDependency;
			target = B5F4F54020F5E65F00635819 /* flathand */;
			targetProxy = B5F4F55620F5E66000635819 /* PBXContainerItemProxy */;
		};
/* End PBXTargetDependency section */

/* Begin PBXVariantGroup section */
		B5F4F54820F5E65F00635819 /* Main.storyboard */ = {
			isa = PBXVariantGroup;
			children = (
				B5F4F54920F5E65F00635819 /* Base */,
			);
			name = Main.storyboard;
			sourceTree = "<group>";
		};
		B5F4F54D20F5E66000635819 /* LaunchScreen.storyboard */ = {
			isa = PBXVariantGroup;
			children = (
				B5F4F54E20F5E66000635819 /* Base */,
			);
			name = LaunchScreen.storyboard;
			sourceTree = "<group>";
		};
/* End PBXVariantGroup section */

/* Begin XCBuildConfiguration section */
		B5F4F55C20F5E66000635819 /* Debug */ = {
			isa = XCBuildConfiguration;
			buildSettings = {
				ALWAYS_SEARCH_USER_PATHS = NO;
				CLANG_ANALYZER_NONNULL = YES;
				CLANG_ANALYZER_NUMBER_OBJECT_CONVERSION = YES_AGGRESSIVE;
				CLANG_CXX_LANGUAGE_STANDARD = "gnu++14";
				CLANG_CXX_LIBRARY = "libc++";
				CLANG_ENABLE_MODULES = YES;
				CLANG_ENABLE_OBJC_ARC = YES;
				CLANG_ENABLE_OBJC_WEAK = YES;
				CLANG_WARN_BLOCK_CAPTURE_AUTORELEASING = YES;
				CLANG_WARN_BOOL_CONVERSION = YES;
				CLANG_WARN_COMMA = YES;
				CLANG_WARN_CONSTANT_CONVERSION = YES;
				CLANG_WARN_DEPRECATED_OBJC_IMPLEMENTATIONS = YES;
				CLANG_WARN_DIRECT_OBJC_ISA_USAGE = YES_ERROR;
				CLANG_WARN_DOCUMENTATION_COMMENTS = YES;
				CLANG_WARN_EMPTY_BODY = YES;
				CLANG_WARN_ENUM_CONVERSION = YES;
				CLANG_WARN_INFINITE_RECURSION = YES;
				CLANG_WARN_INT_CONVERSION = YES;
				CLANG_WARN_NON_LITERAL_NULL_CONVERSION = YES;
				CLANG_WARN_OBJC_IMPLICIT_RETAIN_SELF = YES;
				CLANG_WARN_OBJC_LITERAL_CONVERSION = YES;
				CLANG_WARN_OBJC_ROOT_CLASS = YES_ERROR;
				CLANG_WARN_RANGE_LOOP_ANALYSIS = YES;
				CLANG_WARN_STRICT_PROTOTYPES = YES;
				CLANG_WARN_SUSPICIOUS_MOVE = YES;
				CLANG_WARN_UNGUARDED_AVAILABILITY = YES_AGGRESSIVE;
				CLANG_WARN_UNREACHABLE_CODE = YES;
				CLANG_WARN__DUPLICATE_METHOD_MATCH = YES;
				CODE_SIGN_IDENTITY = "iPhone Developer";
				COPY_PHASE_STRIP = NO;
				DEBUG_INFORMATION_FORMAT = dwarf;
				ENABLE_STRICT_OBJC_MSGSEND = YES;
				ENABLE_TESTABILITY = YES;
				GCC_C_LANGUAGE_STANDARD = gnu11;
				GCC_DYNAMIC_NO_PIC = NO;
				GCC_NO_COMMON_BLOCKS = YES;
				GCC_OPTIMIZATION_LEVEL = 0;
				GCC_PREPROCESSOR_DEFINITIONS = (
					"DEBUG=1",
					"$(inherited)",
				);
				GCC_WARN_64_TO_32_BIT_CONVERSION = YES;
				GCC_WARN_ABOUT_RETURN_TYPE = YES_ERROR;
				GCC_WARN_UNDECLARED_SELECTOR = YES;
				GCC_WARN_UNINITIALIZED_AUTOS = YES_AGGRESSIVE;
				GCC_WARN_UNUSED_FUNCTION = YES;
				GCC_WARN_UNUSED_VARIABLE = YES;
				IPHONEOS_DEPLOYMENT_TARGET = 11.3;
				MTL_ENABLE_DEBUG_INFO = YES;
				ONLY_ACTIVE_ARCH = YES;
				SDKROOT = iphoneos;
				SWIFT_ACTIVE_COMPILATION_CONDITIONS = DEBUG;
				SWIFT_OPTIMIZATION_LEVEL = "-Onone";
			};
			name = Debug;
		};
		B5F4F55D20F5E66000635819 /* Release */ = {
			isa = XCBuildConfiguration;
			buildSettings = {
				ALWAYS_SEARCH_USER_PATHS = NO;
				CLANG_ANALYZER_NONNULL = YES;
				CLANG_ANALYZER_NUMBER_OBJECT_CONVERSION = YES_AGGRESSIVE;
				CLANG_CXX_LANGUAGE_STANDARD = "gnu++14";
				CLANG_CXX_LIBRARY = "libc++";
				CLANG_ENABLE_MODULES = YES;
				CLANG_ENABLE_OBJC_ARC = YES;
				CLANG_ENABLE_OBJC_WEAK = YES;
				CLANG_WARN_BLOCK_CAPTURE_AUTORELEASING = YES;
				CLANG_WARN_BOOL_CONVERSION = YES;
				CLANG_WARN_COMMA = YES;
				CLANG_WARN_CONSTANT_CONVERSION = YES;
				CLANG_WARN_DEPRECATED_OBJC_IMPLEMENTATIONS = YES;
				CLANG_WARN_DIRECT_OBJC_ISA_USAGE = YES_ERROR;
				CLANG_WARN_DOCUMENTATION_COMMENTS = YES;
				CLANG_WARN_EMPTY_BODY = YES;
				CLANG_WARN_ENUM_CONVERSION = YES;
				CLANG_WARN_INFINITE_RECURSION = YES;
				CLANG_WARN_INT_CONVERSION = YES;
				CLANG_WARN_NON_LITERAL_NULL_CONVERSION = YES;
				CLANG_WARN_OBJC_IMPLICIT_RETAIN_SELF = YES;
				CLANG_WARN_OBJC_LITERAL_CONVERSION = YES;
				CLANG_WARN_OBJC_ROOT_CLASS = YES_ERROR;
				CLANG_WARN_RANGE_LOOP_ANALYSIS = YES;
				CLANG_WARN_STRICT_PROTOTYPES = YES;
				CLANG_WARN_SUSPICIOUS_MOVE = YES;
				CLANG_WARN_UNGUARDED_AVAILABILITY = YES_AGGRESSIVE;
				CLANG_WARN_UNREACHABLE_CODE = YES;
				CLANG_WARN__DUPLICATE_METHOD_MATCH = YES;
				CODE_SIGN_IDENTITY = "iPhone Developer";
				COPY_PHASE_STRIP = NO;
				DEBUG_INFORMATION_FORMAT = "dwarf-with-dsym";
				ENABLE_NS_ASSERTIONS = NO;
				ENABLE_STRICT_OBJC_MSGSEND = YES;
				GCC_C_LANGUAGE_STANDARD = gnu11;
				GCC_NO_COMMON_BLOCKS = YES;
				GCC_WARN_64_TO_32_BIT_CONVERSION = YES;
				GCC_WARN_ABOUT_RETURN_TYPE = YES_ERROR;
				GCC_WARN_UNDECLARED_SELECTOR = YES;
				GCC_WARN_UNINITIALIZED_AUTOS = YES_AGGRESSIVE;
				GCC_WARN_UNUSED_FUNCTION = YES;
				GCC_WARN_UNUSED_VARIABLE = YES;
				IPHONEOS_DEPLOYMENT_TARGET = 11.3;
				MTL_ENABLE_DEBUG_INFO = NO;
				SDKROOT = iphoneos;
				SWIFT_COMPILATION_MODE = wholemodule;
				SWIFT_OPTIMIZATION_LEVEL = "-O";
				VALIDATE_PRODUCT = YES;
			};
			name = Release;
		};
		B5F4F55F20F5E66000635819 /* Debug */ = {
			isa = XCBuildConfiguration;
			buildSettings = {
				ASSETCATALOG_COMPILER_APPICON_NAME = AppIcon;
				CODE_SIGN_STYLE = Automatic;
				INFOPLIST_FILE = flathand/Info.plist;
				LD_RUNPATH_SEARCH_PATHS = (
					"$(inherited)",
					"@executable_path/Frameworks",
				);
				PRODUCT_BUNDLE_IDENTIFIER = flathand.flathand;
				PRODUCT_NAME = "$(TARGET_NAME)";
				SWIFT_VERSION = 4.0;
				TARGETED_DEVICE_FAMILY = "1,2";
			};
			name = Debug;
		};
		B5F4F56020F5E66000635819 /* Release */ = {
			isa = XCBuildConfiguration;
			buildSettings = {
				ASSETCATALOG_COMPILER_APPICON_NAME = AppIcon;
				CODE_SIGN_STYLE = Automatic;
				INFOPLIST_FILE = flathand/Info.plist;
				LD_RUNPATH_SEARCH_PATHS = (
					"$(inherited)",
					"@executable_path/Frameworks",
				);
				PRODUCT_BUNDLE_IDENTIFIER = flathand.flathand;
				PRODUCT_NAME = "$(TARGET_NAME)";
				SWIFT_VERSION = 4.0;
				TARGETED_DEVICE_FAMILY = "1,2";
			};
			name = Release;
		};
		B5F4F56220F5E66000635819 /* Debug */ = {
			isa = XCBuildConfiguration;
			buildSettings = {
				ALWAYS_EMBED_SWIFT_STANDARD_LIBRARIES = YES;
				BUNDLE_LOADER = "$(TEST_HOST)";
				CODE_SIGN_STYLE = Automatic;
				INFOPLIST_FILE = flathandTests/Info.plist;
				LD_RUNPATH_SEARCH_PATHS = (
					"$(inherited)",
					"@executable_path/Frameworks",
					"@loader_path/Frameworks",
				);
				PRODUCT_BUNDLE_IDENTIFIER = flathand.flathandTests;
				PRODUCT_NAME = "$(TARGET_NAME)";
				SWIFT_VERSION = 4.0;
				TARGETED_DEVICE_FAMILY = "1,2";
				TEST_HOST = "$(BUILT_PRODUCTS_DIR)/flathand.app/flathand";
			};
			name = Debug;
		};
		B5F4F56320F5E66000635819 /* Release */ = {
			isa = XCBuildConfiguration;
			buildSettings = {
				ALWAYS_EMBED_SWIFT_STANDARD_LIBRARIES = YES;
				BUNDLE_LOADER = "$(TEST_HOST)";
				CODE_SIGN_STYLE = Automatic;
				INFOPLIST_FILE = flathandTests/Info.plist;
				LD_RUNPATH_SEARCH_PATHS = (
					"$(inherited)",
					"@executable_path/Frameworks",
					"@loader_path/Frameworks",
				);
				PRODUCT_BUNDLE_IDENTIFIER = flathand.flathandTests;
				PRODUCT_NAME = "$(TARGET_NAME)";
				SWIFT_VERSION = 4.0;
				TARGETED_DEVICE_FAMILY = "1,2";
				TEST_HOST = "$(BUILT_PRODUCTS_DIR)/flathand.app/flathand";
			};
			name = Release;
		};
/* End XCBuildConfiguration section */

/* Begin XCConfigurationList section */
		B5F4F53C20F5E65F00635819 /* Build configuration list for PBXProject "flathand" */ = {
			isa = XCConfigurationList;
			buildConfigurations = (
				B5F4F55C20F5E66000635819 /* Debug */,
				B5F4F55D20F5E66000635819 /* Release */,
			);
			defaultConfigurationIsVisible = 0;
			defaultConfigurationName = Release;
		};
		B5F4F55E20F5E66000635819 /* Build configuration list for PBXNativeTarget "flathand" */ = {
			isa = XCConfigurationList;
			buildConfigurations = (
				B5F4F55F20F5E66000635819 /* Debug */,
				B5F4F56020F5E66000635819 /* Release */,
			);
			defaultConfigurationIsVisible = 0;
			defaultConfigurationName = Release;
		};
		B5F4F56120F5E66000635819 /* Build configuration list for PBXNativeTarget "flathandTests" */ = {
			isa = XCConfigurationList;
			buildConfigurations = (
				B5F4F56220F5E66000635819 /* Debug */,
				B5F4F56320F5E66000635819 /* Release */,
			);
			defaultConfigurationIsVisible = 0;
			defaultConfigurationName = Release;
		};
/* End XCConfigurationList section */
	};
	rootObject = B5F4F53920F5E65F00635819 /* Project object */;
}
